
Microsoft Visual Studio Solution File, Format Version 12.00
# Visual Studio Version 17
VisualStudioVersion = 17.0.31903.59
MinimumVisualStudioVersion = 10.0.40219.1
Project("{FAE04EC0-301F-11D3-BF4B-00C04F79EFBC}") = "InMemoryCaching", "InMemoryCaching\InMemoryCaching.csproj", "{2F9DEE5B-482D-4474-B0F4-385E43631118}"
EndProject
Project("{FAE04EC0-301F-11D3-BF4B-00C04F79EFBC}") = "TestProject", "TestProject\TestProject.csproj", "{3020E184-C4DB-4EED-A5ED-32CFC31DB98B}"
EndProject
Global
	GlobalSection(SolutionConfigurationPlatforms) = preSolution
		Debug|Any CPU = Debug|Any CPU
		Release|Any CPU = Release|Any CPU
	EndGlobalSection
	GlobalSection(ProjectConfigurationPlatforms) = postSolution
		{2F9DEE5B-482D-4474-B0F4-385E43631118}.Debug|Any CPU.ActiveCfg = Debug|Any CPU
		{2F9DEE5B-482D-4474-B0F4-385E43631118}.Debug|Any CPU.Build.0 = Debug|Any CPU
		{2F9DEE5B-482D-4474-B0F4-385E43631118}.Release|Any CPU.ActiveCfg = Release|Any CPU
		{2F9DEE5B-482D-4474-B0F4-385E43631118}.Release|Any CPU.Build.0 = Release|Any CPU
		{3020E184-C4DB-4EED-A5ED-32CFC31DB98B}.Debug|Any CPU.ActiveCfg = Debug|Any CPU
		{3020E184-C4DB-4EED-A5ED-32CFC31DB98B}.Debug|Any CPU.Build.0 = Debug|Any CPU
		{3020E184-C4DB-4EED-A5ED-32CFC31DB98B}.Release|Any CPU.ActiveCfg = Release|Any CPU
		{3020E184-C4DB-4EED-A5ED-32CFC31DB98B}.Release|Any CPU.Build.0 = Release|Any CPU
	EndGlobalSection
	GlobalSection(SolutionProperties) = preSolution
		HideSolutionNode = FALSE
	EndGlobalSection
	GlobalSection(ExtensibilityGlobals) = postSolution
		SolutionGuid = {BE911077-5A5F-4749-8049-C7EF11A42637}
	EndGlobalSection
EndGlobal
